
Microsoft Visual Studio Solution File, Format Version 12.00
# Visual Studio Version 16
VisualStudioVersion = 16.0.29503.13
MinimumVisualStudioVersion = 10.0.40219.1
Project("{FAE04EC0-301F-11D3-BF4B-00C04F79EFBC}") = "Assembly-CSharp", "Assembly-CSharp.csproj", "{14481130-E093-4C42-2B43-CF47C172AB9B}"
EndProject
Project("{FAE04EC0-301F-11D3-BF4B-00C04F79EFBC}") = "Assembly-CSharp-Editor", "Assembly-CSharp-Editor.csproj", "{7C4ED85E-1E23-55F1-F3AB-A14557B8A79A}"
EndProject
Global
	GlobalSection(SolutionConfigurationPlatforms) = preSolution
		Debug|Any CPU = Debug|Any CPU
		Release|Any CPU = Release|Any CPU
	EndGlobalSection
	GlobalSection(ProjectConfigurationPlatforms) = postSolution
		{14481130-E093-4C42-2B43-CF47C172AB9B}.Debug|Any CPU.ActiveCfg = Debug|Any CPU
		{14481130-E093-4C42-2B43-CF47C172AB9B}.Debug|Any CPU.Build.0 = Debug|Any CPU
		{14481130-E093-4C42-2B43-CF47C172AB9B}.Release|Any CPU.ActiveCfg = Release|Any CPU
		{14481130-E093-4C42-2B43-CF47C172AB9B}.Release|Any CPU.Build.0 = Release|Any CPU
		{7C4ED85E-1E23-55F1-F3AB-A14557B8A79A}.Debug|Any CPU.ActiveCfg = Debug|Any CPU
		{7C4ED85E-1E23-55F1-F3AB-A14557B8A79A}.Debug|Any CPU.Build.0 = Debug|Any CPU
		{7C4ED85E-1E23-55F1-F3AB-A14557B8A79A}.Release|Any CPU.ActiveCfg = Release|Any CPU
		{7C4ED85E-1E23-55F1-F3AB-A14557B8A79A}.Release|Any CPU.Build.0 = Release|Any CPU
	EndGlobalSection
	GlobalSection(SolutionProperties) = preSolution
		HideSolutionNode = FALSE
	EndGlobalSection
	GlobalSection(ExtensibilityGlobals) = postSolution
		SolutionGuid = {E9E78D5A-FB52-401A-9330-AA8C6437440D}
	EndGlobalSection
EndGlobal
